
Microsoft Visual Studio Solution File, Format Version 12.00
# Visual Studio Version 17
VisualStudioVersion = 17.5.33516.290
MinimumVisualStudioVersion = 10.0.40219.1
Project("{FAE04EC0-301F-11D3-BF4B-00C04F79EFBC}") = "FinalProject", "FinalProject.csproj", "{B3D554A5-03E5-4AF4-A8B8-1C208D314361}"
EndProject
Global
	GlobalSection(SolutionConfigurationPlatforms) = preSolution
		Debug|Any CPU = Debug|Any CPU
		Release|Any CPU = Release|Any CPU
	EndGlobalSection
	GlobalSection(ProjectConfigurationPlatforms) = postSolution
		{B3D554A5-03E5-4AF4-A8B8-1C208D314361}.Debug|Any CPU.ActiveCfg = Debug|Any CPU
		{B3D554A5-03E5-4AF4-A8B8-1C208D314361}.Debug|Any CPU.Build.0 = Debug|Any CPU
		{B3D554A5-03E5-4AF4-A8B8-1C208D314361}.Release|Any CPU.ActiveCfg = Release|Any CPU
		{B3D554A5-03E5-4AF4-A8B8-1C208D314361}.Release|Any CPU.Build.0 = Release|Any CPU
	EndGlobalSection
	GlobalSection(SolutionProperties) = preSolution
		HideSolutionNode = FALSE
	EndGlobalSection
	GlobalSection(ExtensibilityGlobals) = postSolution
		SolutionGuid = {A2E6044D-CE50-4BF6-B3C7-8B03EACF575A}
	EndGlobalSection
EndGlobal
